
Microsoft Visual Studio Solution File, Format Version 12.00
# Visual Studio Version 17
VisualStudioVersion = 17.6.33815.320
MinimumVisualStudioVersion = 10.0.40219.1
Project("{FAE04EC0-301F-11D3-BF4B-00C04F79EFBC}") = "PlanitAssignment", "PlanitAssignment.csproj", "{079D0985-D7B5-4088-B388-93C63B7DF38B}"
EndProject
Global
	GlobalSection(SolutionConfigurationPlatforms) = preSolution
		Debug|Any CPU = Debug|Any CPU
		Release|Any CPU = Release|Any CPU
	EndGlobalSection
	GlobalSection(ProjectConfigurationPlatforms) = postSolution
		{079D0985-D7B5-4088-B388-93C63B7DF38B}.Debug|Any CPU.ActiveCfg = Debug|Any CPU
		{079D0985-D7B5-4088-B388-93C63B7DF38B}.Debug|Any CPU.Build.0 = Debug|Any CPU
		{079D0985-D7B5-4088-B388-93C63B7DF38B}.Release|Any CPU.ActiveCfg = Release|Any CPU
		{079D0985-D7B5-4088-B388-93C63B7DF38B}.Release|Any CPU.Build.0 = Release|Any CPU
	EndGlobalSection
	GlobalSection(SolutionProperties) = preSolution
		HideSolutionNode = FALSE
	EndGlobalSection
	GlobalSection(ExtensibilityGlobals) = postSolution
		SolutionGuid = {40CBBD69-15A0-4101-A34C-BCF7BA3C9765}
	EndGlobalSection
EndGlobal
